{
  "lockfileVersion": 1,
  "configVersion": 1,
  "workspaces": {
    "": {
      "name": "scientific-python-development-guide",
      "dependencies": {
        "mystmd": "^1.10",
      },
    },
  },
  "packages": {
    "mystmd": ["mystmd@1.10.1", "", { "bin": { "myst": "dist/myst.cjs" } }, "sha512-nczabm7R8PmoqJVqKpaijTr1kxdwnY+hRoFC7b+NEUdxW5yZZ8n/CuJlMJKlHtG/pA4o3Ia2RP/0Ra3UPj6sFg=="],
  }
}
